
Microsoft Visual Studio Solution File, Format Version 12.00
# Visual Studio Version 16
VisualStudioVersion = 16.0.31402.337
MinimumVisualStudioVersion = 10.0.40219.1
Project("{9A19103F-16F7-4668-BE54-9A1E7A4F7556}") = "UserAPI", "UserAPI\UserAPI.csproj", "{466C2256-704B-4B1A-99F2-98C3E600C724}"
EndProject
Project("{9A19103F-16F7-4668-BE54-9A1E7A4F7556}") = "AttendanceAPI", "AttendanceAPI\AttendanceAPI.csproj", "{D2F9072C-BE8F-4EAC-BBB9-25DFC31CDF98}"
EndProject
Project("{9A19103F-16F7-4668-BE54-9A1E7A4F7556}") = "Domain", "Domain\Domain.csproj", "{93DD7847-3271-49B6-A377-14A0A5F913B7}"
EndProject
Project("{FAE04EC0-301F-11D3-BF4B-00C04F79EFBC}") = "StatAPI", "StatAPI\StatAPI.csproj", "{9F333838-E749-4254-AC7A-357673552849}"
EndProject
Global
	GlobalSection(SolutionConfigurationPlatforms) = preSolution
		Debug|Any CPU = Debug|Any CPU
		Release|Any CPU = Release|Any CPU
	EndGlobalSection
	GlobalSection(ProjectConfigurationPlatforms) = postSolution
		{466C2256-704B-4B1A-99F2-98C3E600C724}.Debug|Any CPU.ActiveCfg = Debug|Any CPU
		{466C2256-704B-4B1A-99F2-98C3E600C724}.Debug|Any CPU.Build.0 = Debug|Any CPU
		{466C2256-704B-4B1A-99F2-98C3E600C724}.Release|Any CPU.ActiveCfg = Release|Any CPU
		{466C2256-704B-4B1A-99F2-98C3E600C724}.Release|Any CPU.Build.0 = Release|Any CPU
		{D2F9072C-BE8F-4EAC-BBB9-25DFC31CDF98}.Debug|Any CPU.ActiveCfg = Debug|Any CPU
		{D2F9072C-BE8F-4EAC-BBB9-25DFC31CDF98}.Debug|Any CPU.Build.0 = Debug|Any CPU
		{D2F9072C-BE8F-4EAC-BBB9-25DFC31CDF98}.Release|Any CPU.ActiveCfg = Release|Any CPU
		{D2F9072C-BE8F-4EAC-BBB9-25DFC31CDF98}.Release|Any CPU.Build.0 = Release|Any CPU
		{93DD7847-3271-49B6-A377-14A0A5F913B7}.Debug|Any CPU.ActiveCfg = Debug|Any CPU
		{93DD7847-3271-49B6-A377-14A0A5F913B7}.Debug|Any CPU.Build.0 = Debug|Any CPU
		{93DD7847-3271-49B6-A377-14A0A5F913B7}.Release|Any CPU.ActiveCfg = Release|Any CPU
		{93DD7847-3271-49B6-A377-14A0A5F913B7}.Release|Any CPU.Build.0 = Release|Any CPU
		{9F333838-E749-4254-AC7A-357673552849}.Debug|Any CPU.ActiveCfg = Debug|Any CPU
		{9F333838-E749-4254-AC7A-357673552849}.Debug|Any CPU.Build.0 = Debug|Any CPU
		{9F333838-E749-4254-AC7A-357673552849}.Release|Any CPU.ActiveCfg = Release|Any CPU
		{9F333838-E749-4254-AC7A-357673552849}.Release|Any CPU.Build.0 = Release|Any CPU
	EndGlobalSection
	GlobalSection(SolutionProperties) = preSolution
		HideSolutionNode = FALSE
	EndGlobalSection
	GlobalSection(ExtensibilityGlobals) = postSolution
		SolutionGuid = {1F469DE4-0835-42E6-B9E6-301AB1EAC413}
	EndGlobalSection
EndGlobal
