
Microsoft Visual Studio Solution File, Format Version 12.00
# Visual Studio Version 16
VisualStudioVersion = 16.0.31402.337
MinimumVisualStudioVersion = 10.0.40219.1
Project("{FAE04EC0-301F-11D3-BF4B-00C04F79EFBC}") = "RabbitMQReceiver", "RabbitMQReceiver\RabbitMQReceiver.csproj", "{ECE9F400-60EC-438B-891D-6D36D6A1F045}"
EndProject
Global
	GlobalSection(SolutionConfigurationPlatforms) = preSolution
		Debug|Any CPU = Debug|Any CPU
		Release|Any CPU = Release|Any CPU
	EndGlobalSection
	GlobalSection(ProjectConfigurationPlatforms) = postSolution
		{ECE9F400-60EC-438B-891D-6D36D6A1F045}.Debug|Any CPU.ActiveCfg = Debug|Any CPU
		{ECE9F400-60EC-438B-891D-6D36D6A1F045}.Debug|Any CPU.Build.0 = Debug|Any CPU
		{ECE9F400-60EC-438B-891D-6D36D6A1F045}.Release|Any CPU.ActiveCfg = Release|Any CPU
		{ECE9F400-60EC-438B-891D-6D36D6A1F045}.Release|Any CPU.Build.0 = Release|Any CPU
	EndGlobalSection
	GlobalSection(SolutionProperties) = preSolution
		HideSolutionNode = FALSE
	EndGlobalSection
	GlobalSection(ExtensibilityGlobals) = postSolution
		SolutionGuid = {EAF4EC8A-6922-45C0-87FA-5F3DE292C5A0}
	EndGlobalSection
EndGlobal
