
Microsoft Visual Studio Solution File, Format Version 12.00
# Visual Studio Version 16
VisualStudioVersion = 16.0.31402.337
MinimumVisualStudioVersion = 10.0.40219.1
Project("{FAE04EC0-301F-11D3-BF4B-00C04F79EFBC}") = "ConsoleApp1", "ConsoleApp1\ConsoleApp1.csproj", "{84403088-2964-4CD1-BB28-7D8FD9CEBEF1}"
EndProject
Global
	GlobalSection(SolutionConfigurationPlatforms) = preSolution
		Debug|Any CPU = Debug|Any CPU
		Release|Any CPU = Release|Any CPU
	EndGlobalSection
	GlobalSection(ProjectConfigurationPlatforms) = postSolution
		{84403088-2964-4CD1-BB28-7D8FD9CEBEF1}.Debug|Any CPU.ActiveCfg = Debug|Any CPU
		{84403088-2964-4CD1-BB28-7D8FD9CEBEF1}.Debug|Any CPU.Build.0 = Debug|Any CPU
		{84403088-2964-4CD1-BB28-7D8FD9CEBEF1}.Release|Any CPU.ActiveCfg = Release|Any CPU
		{84403088-2964-4CD1-BB28-7D8FD9CEBEF1}.Release|Any CPU.Build.0 = Release|Any CPU
	EndGlobalSection
	GlobalSection(SolutionProperties) = preSolution
		HideSolutionNode = FALSE
	EndGlobalSection
	GlobalSection(ExtensibilityGlobals) = postSolution
		SolutionGuid = {158C7B19-53E6-4C47-8B20-7B32F40A854D}
	EndGlobalSection
EndGlobal
