
Microsoft Visual Studio Solution File, Format Version 12.00
# Visual Studio Version 16
VisualStudioVersion = 16.0.31402.337
MinimumVisualStudioVersion = 10.0.40219.1
Project("{FAE04EC0-301F-11D3-BF4B-00C04F79EFBC}") = "ValoresNulos", "ValoresNulos\ValoresNulos.csproj", "{482CDFB7-30A5-4AB7-88C1-A1F205396A39}"
EndProject
Global
	GlobalSection(SolutionConfigurationPlatforms) = preSolution
		Debug|Any CPU = Debug|Any CPU
		Release|Any CPU = Release|Any CPU
	EndGlobalSection
	GlobalSection(ProjectConfigurationPlatforms) = postSolution
		{482CDFB7-30A5-4AB7-88C1-A1F205396A39}.Debug|Any CPU.ActiveCfg = Debug|Any CPU
		{482CDFB7-30A5-4AB7-88C1-A1F205396A39}.Debug|Any CPU.Build.0 = Debug|Any CPU
		{482CDFB7-30A5-4AB7-88C1-A1F205396A39}.Release|Any CPU.ActiveCfg = Release|Any CPU
		{482CDFB7-30A5-4AB7-88C1-A1F205396A39}.Release|Any CPU.Build.0 = Release|Any CPU
	EndGlobalSection
	GlobalSection(SolutionProperties) = preSolution
		HideSolutionNode = FALSE
	EndGlobalSection
	GlobalSection(ExtensibilityGlobals) = postSolution
		SolutionGuid = {27E167C0-B65A-4C8B-8EB7-692B989F7BEE}
	EndGlobalSection
EndGlobal
